
Microsoft Visual Studio Solution File, Format Version 12.00
# Visual Studio Version 17
VisualStudioVersion = 17.2.32505.173
MinimumVisualStudioVersion = 10.0.40219.1
Project("{FAE04EC0-301F-11D3-BF4B-00C04F79EFBC}") = "119000808_VoHoangHuy_19CT112", "119000808_VoHoangHuy_19CT112\119000808_VoHoangHuy_19CT112.csproj", "{04DB10DF-40B0-4F49-B7BF-86D15671237F}"
EndProject
Global
	GlobalSection(SolutionConfigurationPlatforms) = preSolution
		Debug|Any CPU = Debug|Any CPU
		Release|Any CPU = Release|Any CPU
	EndGlobalSection
	GlobalSection(ProjectConfigurationPlatforms) = postSolution
		{04DB10DF-40B0-4F49-B7BF-86D15671237F}.Debug|Any CPU.ActiveCfg = Debug|Any CPU
		{04DB10DF-40B0-4F49-B7BF-86D15671237F}.Debug|Any CPU.Build.0 = Debug|Any CPU
		{04DB10DF-40B0-4F49-B7BF-86D15671237F}.Release|Any CPU.ActiveCfg = Release|Any CPU
		{04DB10DF-40B0-4F49-B7BF-86D15671237F}.Release|Any CPU.Build.0 = Release|Any CPU
	EndGlobalSection
	GlobalSection(SolutionProperties) = preSolution
		HideSolutionNode = FALSE
	EndGlobalSection
	GlobalSection(ExtensibilityGlobals) = postSolution
		SolutionGuid = {1ACB9201-C0EA-4D71-AEE7-9B69ECEF8A35}
	EndGlobalSection
EndGlobal
